
Microsoft Visual Studio Solution File, Format Version 12.00
# Visual Studio Version 17
VisualStudioVersion = 17.11.35312.102
MinimumVisualStudioVersion = 10.0.40219.1
Project("{FAE04EC0-301F-11D3-BF4B-00C04F79EFBC}") = "C#Lab_2", "C#Lab_2\C#Lab_2.csproj", "{14B68C59-2081-438C-8748-3B00CAD87B16}"
EndProject
Project("{FAE04EC0-301F-11D3-BF4B-00C04F79EFBC}") = "ConsoleApp1", "ConsoleApp1\ConsoleApp1.csproj", "{1EA6C117-8A6A-484A-876D-4C24BB5996D9}"
EndProject
Project("{FAE04EC0-301F-11D3-BF4B-00C04F79EFBC}") = "ConsoleApp2", "ConsoleApp2\ConsoleApp2.csproj", "{84970C15-8FFA-460E-B6E4-95C0A0BD0075}"
EndProject
Global
	GlobalSection(SolutionConfigurationPlatforms) = preSolution
		Debug|Any CPU = Debug|Any CPU
		Release|Any CPU = Release|Any CPU
	EndGlobalSection
	GlobalSection(ProjectConfigurationPlatforms) = postSolution
		{14B68C59-2081-438C-8748-3B00CAD87B16}.Debug|Any CPU.ActiveCfg = Debug|Any CPU
		{14B68C59-2081-438C-8748-3B00CAD87B16}.Debug|Any CPU.Build.0 = Debug|Any CPU
		{14B68C59-2081-438C-8748-3B00CAD87B16}.Release|Any CPU.ActiveCfg = Release|Any CPU
		{14B68C59-2081-438C-8748-3B00CAD87B16}.Release|Any CPU.Build.0 = Release|Any CPU
		{1EA6C117-8A6A-484A-876D-4C24BB5996D9}.Debug|Any CPU.ActiveCfg = Debug|Any CPU
		{1EA6C117-8A6A-484A-876D-4C24BB5996D9}.Debug|Any CPU.Build.0 = Debug|Any CPU
		{1EA6C117-8A6A-484A-876D-4C24BB5996D9}.Release|Any CPU.ActiveCfg = Release|Any CPU
		{1EA6C117-8A6A-484A-876D-4C24BB5996D9}.Release|Any CPU.Build.0 = Release|Any CPU
		{84970C15-8FFA-460E-B6E4-95C0A0BD0075}.Debug|Any CPU.ActiveCfg = Debug|Any CPU
		{84970C15-8FFA-460E-B6E4-95C0A0BD0075}.Debug|Any CPU.Build.0 = Debug|Any CPU
		{84970C15-8FFA-460E-B6E4-95C0A0BD0075}.Release|Any CPU.ActiveCfg = Release|Any CPU
		{84970C15-8FFA-460E-B6E4-95C0A0BD0075}.Release|Any CPU.Build.0 = Release|Any CPU
	EndGlobalSection
	GlobalSection(SolutionProperties) = preSolution
		HideSolutionNode = FALSE
	EndGlobalSection
	GlobalSection(ExtensibilityGlobals) = postSolution
		SolutionGuid = {D867B6E8-C84D-4D97-9CEF-86CE18606859}
	EndGlobalSection
EndGlobal
